
Microsoft Visual Studio Solution File, Format Version 12.00
# Visual Studio Version 16
VisualStudioVersion = 16.0.28729.10
MinimumVisualStudioVersion = 10.0.40219.1
Project("{9A19103F-16F7-4668-BE54-9A1E7A4F7556}") = "Tournaments.Common", "Tournaments.Common\Tournaments.Common.csproj", "{6E39FE5C-EABE-49B3-8877-A4B7147F5386}"
EndProject
Project("{9A19103F-16F7-4668-BE54-9A1E7A4F7556}") = "Tournaments.Web", "Tournaments.Web\Tournaments.Web.csproj", "{B9B79FCE-B08E-4B5B-AA3C-60B6E458AEE6}"
EndProject
Project("{9A19103F-16F7-4668-BE54-9A1E7A4F7556}") = "Tournaments.Prism", "Tournaments.Prism\Tournaments.Prism\Tournaments.Prism.csproj", "{CD27551D-F1E0-4C77-A723-06D550E0601B}"
EndProject
Project("{FAE04EC0-301F-11D3-BF4B-00C04F79EFBC}") = "Tournaments.Prism.Android", "Tournaments.Prism\Tournaments.Prism.Android\Tournaments.Prism.Android.csproj", "{E7C28371-195C-4933-B075-4222FD7ECA89}"
EndProject
Project("{FAE04EC0-301F-11D3-BF4B-00C04F79EFBC}") = "Tournaments.Prism.iOS", "Tournaments.Prism\Tournaments.Prism.iOS\Tournaments.Prism.iOS.csproj", "{81301A35-EB0D-4B6C-8B78-DCB4A74BE558}"
EndProject
Project("{FAE04EC0-301F-11D3-BF4B-00C04F79EFBC}") = "Tournaments.Cross.Android", "Tournaments.Cross.Android\Tournaments.Cross.Android.csproj", "{54247115-633A-4032-BB12-CCD599879712}"
EndProject
Project("{FAE04EC0-301F-11D3-BF4B-00C04F79EFBC}") = "Tournaments.Cross.iOS", "Tournaments.Cross.iOS\Tournaments.Cross.iOS.csproj", "{529E80C0-3985-4BDE-8F40-0A023051754B}"
EndProject
Global
	GlobalSection(SolutionConfigurationPlatforms) = preSolution
		Ad-Hoc|Any CPU = Ad-Hoc|Any CPU
		Ad-Hoc|iPhone = Ad-Hoc|iPhone
		Ad-Hoc|iPhoneSimulator = Ad-Hoc|iPhoneSimulator
		AppStore|Any CPU = AppStore|Any CPU
		AppStore|iPhone = AppStore|iPhone
		AppStore|iPhoneSimulator = AppStore|iPhoneSimulator
		Debug|Any CPU = Debug|Any CPU
		Debug|iPhone = Debug|iPhone
		Debug|iPhoneSimulator = Debug|iPhoneSimulator
		Release|Any CPU = Release|Any CPU
		Release|iPhone = Release|iPhone
		Release|iPhoneSimulator = Release|iPhoneSimulator
	EndGlobalSection
	GlobalSection(ProjectConfigurationPlatforms) = postSolution
		{6E39FE5C-EABE-49B3-8877-A4B7147F5386}.Ad-Hoc|Any CPU.ActiveCfg = Debug|Any CPU
		{6E39FE5C-EABE-49B3-8877-A4B7147F5386}.Ad-Hoc|Any CPU.Build.0 = Debug|Any CPU
		{6E39FE5C-EABE-49B3-8877-A4B7147F5386}.Ad-Hoc|iPhone.ActiveCfg = Debug|Any CPU
		{6E39FE5C-EABE-49B3-8877-A4B7147F5386}.Ad-Hoc|iPhone.Build.0 = Debug|Any CPU
		{6E39FE5C-EABE-49B3-8877-A4B7147F5386}.Ad-Hoc|iPhoneSimulator.ActiveCfg = Debug|Any CPU
		{6E39FE5C-EABE-49B3-8877-A4B7147F5386}.Ad-Hoc|iPhoneSimulator.Build.0 = Debug|Any CPU
		{6E39FE5C-EABE-49B3-8877-A4B7147F5386}.AppStore|Any CPU.ActiveCfg = Debug|Any CPU
		{6E39FE5C-EABE-49B3-8877-A4B7147F5386}.AppStore|Any CPU.Build.0 = Debug|Any CPU
		{6E39FE5C-EABE-49B3-8877-A4B7147F5386}.AppStore|iPhone.ActiveCfg = Debug|Any CPU
		{6E39FE5C-EABE-49B3-8877-A4B7147F5386}.AppStore|iPhone.Build.0 = Debug|Any CPU
		{6E39FE5C-EABE-49B3-8877-A4B7147F5386}.AppStore|iPhoneSimulator.ActiveCfg = Debug|Any CPU
		{6E39FE5C-EABE-49B3-8877-A4B7147F5386}.AppStore|iPhoneSimulator.Build.0 = Debug|Any CPU
		{6E39FE5C-EABE-49B3-8877-A4B7147F5386}.Debug|Any CPU.ActiveCfg = Debug|Any CPU
		{6E39FE5C-EABE-49B3-8877-A4B7147F5386}.Debug|Any CPU.Build.0 = Debug|Any CPU
		{6E39FE5C-EABE-49B3-8877-A4B7147F5386}.Debug|iPhone.ActiveCfg = Debug|Any CPU
		{6E39FE5C-EABE-49B3-8877-A4B7147F5386}.Debug|iPhone.Build.0 = Debug|Any CPU
		{6E39FE5C-EABE-49B3-8877-A4B7147F5386}.Debug|iPhoneSimulator.ActiveCfg = Debug|Any CPU
		{6E39FE5C-EABE-49B3-8877-A4B7147F5386}.Debug|iPhoneSimulator.Build.0 = Debug|Any CPU
		{6E39FE5C-EABE-49B3-8877-A4B7147F5386}.Release|Any CPU.ActiveCfg = Release|Any CPU
		{6E39FE5C-EABE-49B3-8877-A4B7147F5386}.Release|Any CPU.Build.0 = Release|Any CPU
		{6E39FE5C-EABE-49B3-8877-A4B7147F5386}.Release|iPhone.ActiveCfg = Release|Any CPU
		{6E39FE5C-EABE-49B3-8877-A4B7147F5386}.Release|iPhone.Build.0 = Release|Any CPU
		{6E39FE5C-EABE-49B3-8877-A4B7147F5386}.Release|iPhoneSimulator.ActiveCfg = Release|Any CPU
		{6E39FE5C-EABE-49B3-8877-A4B7147F5386}.Release|iPhoneSimulator.Build.0 = Release|Any CPU
		{B9B79FCE-B08E-4B5B-AA3C-60B6E458AEE6}.Ad-Hoc|Any CPU.ActiveCfg = Debug|Any CPU
		{B9B79FCE-B08E-4B5B-AA3C-60B6E458AEE6}.Ad-Hoc|Any CPU.Build.0 = Debug|Any CPU
		{B9B79FCE-B08E-4B5B-AA3C-60B6E458AEE6}.Ad-Hoc|iPhone.ActiveCfg = Debug|Any CPU
		{B9B79FCE-B08E-4B5B-AA3C-60B6E458AEE6}.Ad-Hoc|iPhone.Build.0 = Debug|Any CPU
		{B9B79FCE-B08E-4B5B-AA3C-60B6E458AEE6}.Ad-Hoc|iPhoneSimulator.ActiveCfg = Debug|Any CPU
		{B9B79FCE-B08E-4B5B-AA3C-60B6E458AEE6}.Ad-Hoc|iPhoneSimulator.Build.0 = Debug|Any CPU
		{B9B79FCE-B08E-4B5B-AA3C-60B6E458AEE6}.AppStore|Any CPU.ActiveCfg = Debug|Any CPU
		{B9B79FCE-B08E-4B5B-AA3C-60B6E458AEE6}.AppStore|Any CPU.Build.0 = Debug|Any CPU
		{B9B79FCE-B08E-4B5B-AA3C-60B6E458AEE6}.AppStore|iPhone.ActiveCfg = Debug|Any CPU
		{B9B79FCE-B08E-4B5B-AA3C-60B6E458AEE6}.AppStore|iPhone.Build.0 = Debug|Any CPU
		{B9B79FCE-B08E-4B5B-AA3C-60B6E458AEE6}.AppStore|iPhoneSimulator.ActiveCfg = Debug|Any CPU
		{B9B79FCE-B08E-4B5B-AA3C-60B6E458AEE6}.AppStore|iPhoneSimulator.Build.0 = Debug|Any CPU
		{B9B79FCE-B08E-4B5B-AA3C-60B6E458AEE6}.Debug|Any CPU.ActiveCfg = Debug|Any CPU
		{B9B79FCE-B08E-4B5B-AA3C-60B6E458AEE6}.Debug|Any CPU.Build.0 = Debug|Any CPU
		{B9B79FCE-B08E-4B5B-AA3C-60B6E458AEE6}.Debug|iPhone.ActiveCfg = Debug|Any CPU
		{B9B79FCE-B08E-4B5B-AA3C-60B6E458AEE6}.Debug|iPhone.Build.0 = Debug|Any CPU
		{B9B79FCE-B08E-4B5B-AA3C-60B6E458AEE6}.Debug|iPhoneSimulator.ActiveCfg = Debug|Any CPU
		{B9B79FCE-B08E-4B5B-AA3C-60B6E458AEE6}.Debug|iPhoneSimulator.Build.0 = Debug|Any CPU
		{B9B79FCE-B08E-4B5B-AA3C-60B6E458AEE6}.Release|Any CPU.ActiveCfg = Release|Any CPU
		{B9B79FCE-B08E-4B5B-AA3C-60B6E458AEE6}.Release|Any CPU.Build.0 = Release|Any CPU
		{B9B79FCE-B08E-4B5B-AA3C-60B6E458AEE6}.Release|iPhone.ActiveCfg = Release|Any CPU
		{B9B79FCE-B08E-4B5B-AA3C-60B6E458AEE6}.Release|iPhone.Build.0 = Release|Any CPU
		{B9B79FCE-B08E-4B5B-AA3C-60B6E458AEE6}.Release|iPhoneSimulator.ActiveCfg = Release|Any CPU
		{B9B79FCE-B08E-4B5B-AA3C-60B6E458AEE6}.Release|iPhoneSimulator.Build.0 = Release|Any CPU
		{CD27551D-F1E0-4C77-A723-06D550E0601B}.Ad-Hoc|Any CPU.ActiveCfg = Debug|Any CPU
		{CD27551D-F1E0-4C77-A723-06D550E0601B}.Ad-Hoc|Any CPU.Build.0 = Debug|Any CPU
		{CD27551D-F1E0-4C77-A723-06D550E0601B}.Ad-Hoc|iPhone.ActiveCfg = Debug|Any CPU
		{CD27551D-F1E0-4C77-A723-06D550E0601B}.Ad-Hoc|iPhone.Build.0 = Debug|Any CPU
		{CD27551D-F1E0-4C77-A723-06D550E0601B}.Ad-Hoc|iPhoneSimulator.ActiveCfg = Debug|Any CPU
		{CD27551D-F1E0-4C77-A723-06D550E0601B}.Ad-Hoc|iPhoneSimulator.Build.0 = Debug|Any CPU
		{CD27551D-F1E0-4C77-A723-06D550E0601B}.AppStore|Any CPU.ActiveCfg = Debug|Any CPU
		{CD27551D-F1E0-4C77-A723-06D550E0601B}.AppStore|Any CPU.Build.0 = Debug|Any CPU
		{CD27551D-F1E0-4C77-A723-06D550E0601B}.AppStore|iPhone.ActiveCfg = Debug|Any CPU
		{CD27551D-F1E0-4C77-A723-06D550E0601B}.AppStore|iPhone.Build.0 = Debug|Any CPU
		{CD27551D-F1E0-4C77-A723-06D550E0601B}.AppStore|iPhoneSimulator.ActiveCfg = Debug|Any CPU
		{CD27551D-F1E0-4C77-A723-06D550E0601B}.AppStore|iPhoneSimulator.Build.0 = Debug|Any CPU
		{CD27551D-F1E0-4C77-A723-06D550E0601B}.Debug|Any CPU.ActiveCfg = Debug|Any CPU
		{CD27551D-F1E0-4C77-A723-06D550E0601B}.Debug|Any CPU.Build.0 = Debug|Any CPU
		{CD27551D-F1E0-4C77-A723-06D550E0601B}.Debug|iPhone.ActiveCfg = Debug|Any CPU
		{CD27551D-F1E0-4C77-A723-06D550E0601B}.Debug|iPhone.Build.0 = Debug|Any CPU
		{CD27551D-F1E0-4C77-A723-06D550E0601B}.Debug|iPhoneSimulator.ActiveCfg = Debug|Any CPU
		{CD27551D-F1E0-4C77-A723-06D550E0601B}.Debug|iPhoneSimulator.Build.0 = Debug|Any CPU
		{CD27551D-F1E0-4C77-A723-06D550E0601B}.Release|Any CPU.ActiveCfg = Release|Any CPU
		{CD27551D-F1E0-4C77-A723-06D550E0601B}.Release|Any CPU.Build.0 = Release|Any CPU
		{CD27551D-F1E0-4C77-A723-06D550E0601B}.Release|iPhone.ActiveCfg = Release|Any CPU
		{CD27551D-F1E0-4C77-A723-06D550E0601B}.Release|iPhone.Build.0 = Release|Any CPU
		{CD27551D-F1E0-4C77-A723-06D550E0601B}.Release|iPhoneSimulator.ActiveCfg = Release|Any CPU
		{CD27551D-F1E0-4C77-A723-06D550E0601B}.Release|iPhoneSimulator.Build.0 = Release|Any CPU
		{E7C28371-195C-4933-B075-4222FD7ECA89}.Ad-Hoc|Any CPU.ActiveCfg = Release|Any CPU
		{E7C28371-195C-4933-B075-4222FD7ECA89}.Ad-Hoc|Any CPU.Build.0 = Release|Any CPU
		{E7C28371-195C-4933-B075-4222FD7ECA89}.Ad-Hoc|Any CPU.Deploy.0 = Release|Any CPU
		{E7C28371-195C-4933-B075-4222FD7ECA89}.Ad-Hoc|iPhone.ActiveCfg = Release|Any CPU
		{E7C28371-195C-4933-B075-4222FD7ECA89}.Ad-Hoc|iPhone.Build.0 = Release|Any CPU
		{E7C28371-195C-4933-B075-4222FD7ECA89}.Ad-Hoc|iPhone.Deploy.0 = Release|Any CPU
		{E7C28371-195C-4933-B075-4222FD7ECA89}.Ad-Hoc|iPhoneSimulator.ActiveCfg = Release|Any CPU
		{E7C28371-195C-4933-B075-4222FD7ECA89}.Ad-Hoc|iPhoneSimulator.Build.0 = Release|Any CPU
		{E7C28371-195C-4933-B075-4222FD7ECA89}.Ad-Hoc|iPhoneSimulator.Deploy.0 = Release|Any CPU
		{E7C28371-195C-4933-B075-4222FD7ECA89}.AppStore|Any CPU.ActiveCfg = Release|Any CPU
		{E7C28371-195C-4933-B075-4222FD7ECA89}.AppStore|Any CPU.Build.0 = Release|Any CPU
		{E7C28371-195C-4933-B075-4222FD7ECA89}.AppStore|Any CPU.Deploy.0 = Release|Any CPU
		{E7C28371-195C-4933-B075-4222FD7ECA89}.AppStore|iPhone.ActiveCfg = Release|Any CPU
		{E7C28371-195C-4933-B075-4222FD7ECA89}.AppStore|iPhone.Build.0 = Release|Any CPU
		{E7C28371-195C-4933-B075-4222FD7ECA89}.AppStore|iPhone.Deploy.0 = Release|Any CPU
		{E7C28371-195C-4933-B075-4222FD7ECA89}.AppStore|iPhoneSimulator.ActiveCfg = Release|Any CPU
		{E7C28371-195C-4933-B075-4222FD7ECA89}.AppStore|iPhoneSimulator.Build.0 = Release|Any CPU
		{E7C28371-195C-4933-B075-4222FD7ECA89}.AppStore|iPhoneSimulator.Deploy.0 = Release|Any CPU
		{E7C28371-195C-4933-B075-4222FD7ECA89}.Debug|Any CPU.ActiveCfg = Debug|Any CPU
		{E7C28371-195C-4933-B075-4222FD7ECA89}.Debug|Any CPU.Build.0 = Debug|Any CPU
		{E7C28371-195C-4933-B075-4222FD7ECA89}.Debug|Any CPU.Deploy.0 = Debug|Any CPU
		{E7C28371-195C-4933-B075-4222FD7ECA89}.Debug|iPhone.ActiveCfg = Debug|Any CPU
		{E7C28371-195C-4933-B075-4222FD7ECA89}.Debug|iPhone.Build.0 = Debug|Any CPU
		{E7C28371-195C-4933-B075-4222FD7ECA89}.Debug|iPhone.Deploy.0 = Debug|Any CPU
		{E7C28371-195C-4933-B075-4222FD7ECA89}.Debug|iPhoneSimulator.ActiveCfg = Debug|Any CPU
		{E7C28371-195C-4933-B075-4222FD7ECA89}.Debug|iPhoneSimulator.Build.0 = Debug|Any CPU
		{E7C28371-195C-4933-B075-4222FD7ECA89}.Debug|iPhoneSimulator.Deploy.0 = Debug|Any CPU
		{E7C28371-195C-4933-B075-4222FD7ECA89}.Release|Any CPU.ActiveCfg = Release|Any CPU
		{E7C28371-195C-4933-B075-4222FD7ECA89}.Release|Any CPU.Build.0 = Release|Any CPU
		{E7C28371-195C-4933-B075-4222FD7ECA89}.Release|Any CPU.Deploy.0 = Release|Any CPU
		{E7C28371-195C-4933-B075-4222FD7ECA89}.Release|iPhone.ActiveCfg = Release|Any CPU
		{E7C28371-195C-4933-B075-4222FD7ECA89}.Release|iPhone.Build.0 = Release|Any CPU
		{E7C28371-195C-4933-B075-4222FD7ECA89}.Release|iPhone.Deploy.0 = Release|Any CPU
		{E7C28371-195C-4933-B075-4222FD7ECA89}.Release|iPhoneSimulator.ActiveCfg = Release|Any CPU
		{E7C28371-195C-4933-B075-4222FD7ECA89}.Release|iPhoneSimulator.Build.0 = Release|Any CPU
		{E7C28371-195C-4933-B075-4222FD7ECA89}.Release|iPhoneSimulator.Deploy.0 = Release|Any CPU
		{81301A35-EB0D-4B6C-8B78-DCB4A74BE558}.Ad-Hoc|Any CPU.ActiveCfg = Ad-Hoc|iPhone
		{81301A35-EB0D-4B6C-8B78-DCB4A74BE558}.Ad-Hoc|iPhone.ActiveCfg = Ad-Hoc|iPhone
		{81301A35-EB0D-4B6C-8B78-DCB4A74BE558}.Ad-Hoc|iPhone.Build.0 = Ad-Hoc|iPhone
		{81301A35-EB0D-4B6C-8B78-DCB4A74BE558}.Ad-Hoc|iPhoneSimulator.ActiveCfg = Ad-Hoc|iPhoneSimulator
		{81301A35-EB0D-4B6C-8B78-DCB4A74BE558}.Ad-Hoc|iPhoneSimulator.Build.0 = Ad-Hoc|iPhoneSimulator
		{81301A35-EB0D-4B6C-8B78-DCB4A74BE558}.AppStore|Any CPU.ActiveCfg = AppStore|iPhone
		{81301A35-EB0D-4B6C-8B78-DCB4A74BE558}.AppStore|iPhone.ActiveCfg = AppStore|iPhone
		{81301A35-EB0D-4B6C-8B78-DCB4A74BE558}.AppStore|iPhone.Build.0 = AppStore|iPhone
		{81301A35-EB0D-4B6C-8B78-DCB4A74BE558}.AppStore|iPhoneSimulator.ActiveCfg = AppStore|iPhoneSimulator
		{81301A35-EB0D-4B6C-8B78-DCB4A74BE558}.AppStore|iPhoneSimulator.Build.0 = AppStore|iPhoneSimulator
		{81301A35-EB0D-4B6C-8B78-DCB4A74BE558}.Debug|Any CPU.ActiveCfg = Debug|iPhone
		{81301A35-EB0D-4B6C-8B78-DCB4A74BE558}.Debug|iPhone.ActiveCfg = Debug|iPhone
		{81301A35-EB0D-4B6C-8B78-DCB4A74BE558}.Debug|iPhone.Build.0 = Debug|iPhone
		{81301A35-EB0D-4B6C-8B78-DCB4A74BE558}.Debug|iPhoneSimulator.ActiveCfg = Debug|iPhoneSimulator
		{81301A35-EB0D-4B6C-8B78-DCB4A74BE558}.Debug|iPhoneSimulator.Build.0 = Debug|iPhoneSimulator
		{81301A35-EB0D-4B6C-8B78-DCB4A74BE558}.Release|Any CPU.ActiveCfg = Release|iPhone
		{81301A35-EB0D-4B6C-8B78-DCB4A74BE558}.Release|iPhone.ActiveCfg = Release|iPhone
		{81301A35-EB0D-4B6C-8B78-DCB4A74BE558}.Release|iPhone.Build.0 = Release|iPhone
		{81301A35-EB0D-4B6C-8B78-DCB4A74BE558}.Release|iPhoneSimulator.ActiveCfg = Release|iPhoneSimulator
		{81301A35-EB0D-4B6C-8B78-DCB4A74BE558}.Release|iPhoneSimulator.Build.0 = Release|iPhoneSimulator
		{54247115-633A-4032-BB12-CCD599879712}.Ad-Hoc|Any CPU.ActiveCfg = Release|Any CPU
		{54247115-633A-4032-BB12-CCD599879712}.Ad-Hoc|Any CPU.Build.0 = Release|Any CPU
		{54247115-633A-4032-BB12-CCD599879712}.Ad-Hoc|Any CPU.Deploy.0 = Release|Any CPU
		{54247115-633A-4032-BB12-CCD599879712}.Ad-Hoc|iPhone.ActiveCfg = Release|Any CPU
		{54247115-633A-4032-BB12-CCD599879712}.Ad-Hoc|iPhone.Build.0 = Release|Any CPU
		{54247115-633A-4032-BB12-CCD599879712}.Ad-Hoc|iPhone.Deploy.0 = Release|Any CPU
		{54247115-633A-4032-BB12-CCD599879712}.Ad-Hoc|iPhoneSimulator.ActiveCfg = Release|Any CPU
		{54247115-633A-4032-BB12-CCD599879712}.Ad-Hoc|iPhoneSimulator.Build.0 = Release|Any CPU
		{54247115-633A-4032-BB12-CCD599879712}.Ad-Hoc|iPhoneSimulator.Deploy.0 = Release|Any CPU
		{54247115-633A-4032-BB12-CCD599879712}.AppStore|Any CPU.ActiveCfg = Release|Any CPU
		{54247115-633A-4032-BB12-CCD599879712}.AppStore|Any CPU.Build.0 = Release|Any CPU
		{54247115-633A-4032-BB12-CCD599879712}.AppStore|Any CPU.Deploy.0 = Release|Any CPU
		{54247115-633A-4032-BB12-CCD599879712}.AppStore|iPhone.ActiveCfg = Release|Any CPU
		{54247115-633A-4032-BB12-CCD599879712}.AppStore|iPhone.Build.0 = Release|Any CPU
		{54247115-633A-4032-BB12-CCD599879712}.AppStore|iPhone.Deploy.0 = Release|Any CPU
		{54247115-633A-4032-BB12-CCD599879712}.AppStore|iPhoneSimulator.ActiveCfg = Release|Any CPU
		{54247115-633A-4032-BB12-CCD599879712}.AppStore|iPhoneSimulator.Build.0 = Release|Any CPU
		{54247115-633A-4032-BB12-CCD599879712}.AppStore|iPhoneSimulator.Deploy.0 = Release|Any CPU
		{54247115-633A-4032-BB12-CCD599879712}.Debug|Any CPU.ActiveCfg = Debug|Any CPU
		{54247115-633A-4032-BB12-CCD599879712}.Debug|Any CPU.Build.0 = Debug|Any CPU
		{54247115-633A-4032-BB12-CCD599879712}.Debug|Any CPU.Deploy.0 = Debug|Any CPU
		{54247115-633A-4032-BB12-CCD599879712}.Debug|iPhone.ActiveCfg = Debug|Any CPU
		{54247115-633A-4032-BB12-CCD599879712}.Debug|iPhone.Build.0 = Debug|Any CPU
		{54247115-633A-4032-BB12-CCD599879712}.Debug|iPhone.Deploy.0 = Debug|Any CPU
		{54247115-633A-4032-BB12-CCD599879712}.Debug|iPhoneSimulator.ActiveCfg = Debug|Any CPU
		{54247115-633A-4032-BB12-CCD599879712}.Debug|iPhoneSimulator.Build.0 = Debug|Any CPU
		{54247115-633A-4032-BB12-CCD599879712}.Debug|iPhoneSimulator.Deploy.0 = Debug|Any CPU
		{54247115-633A-4032-BB12-CCD599879712}.Release|Any CPU.ActiveCfg = Release|Any CPU
		{54247115-633A-4032-BB12-CCD599879712}.Release|Any CPU.Build.0 = Release|Any CPU
		{54247115-633A-4032-BB12-CCD599879712}.Release|Any CPU.Deploy.0 = Release|Any CPU
		{54247115-633A-4032-BB12-CCD599879712}.Release|iPhone.ActiveCfg = Release|Any CPU
		{54247115-633A-4032-BB12-CCD599879712}.Release|iPhone.Build.0 = Release|Any CPU
		{54247115-633A-4032-BB12-CCD599879712}.Release|iPhone.Deploy.0 = Release|Any CPU
		{54247115-633A-4032-BB12-CCD599879712}.Release|iPhoneSimulator.ActiveCfg = Release|Any CPU
		{54247115-633A-4032-BB12-CCD599879712}.Release|iPhoneSimulator.Build.0 = Release|Any CPU
		{54247115-633A-4032-BB12-CCD599879712}.Release|iPhoneSimulator.Deploy.0 = Release|Any CPU
		{529E80C0-3985-4BDE-8F40-0A023051754B}.Ad-Hoc|Any CPU.ActiveCfg = Release|iPhone
		{529E80C0-3985-4BDE-8F40-0A023051754B}.Ad-Hoc|Any CPU.Build.0 = Release|iPhone
		{529E80C0-3985-4BDE-8F40-0A023051754B}.Ad-Hoc|iPhone.ActiveCfg = Release|iPhone
		{529E80C0-3985-4BDE-8F40-0A023051754B}.Ad-Hoc|iPhone.Build.0 = Release|iPhone
		{529E80C0-3985-4BDE-8F40-0A023051754B}.Ad-Hoc|iPhoneSimulator.ActiveCfg = Release|iPhoneSimulator
		{529E80C0-3985-4BDE-8F40-0A023051754B}.Ad-Hoc|iPhoneSimulator.Build.0 = Release|iPhoneSimulator
		{529E80C0-3985-4BDE-8F40-0A023051754B}.AppStore|Any CPU.ActiveCfg = Release|iPhone
		{529E80C0-3985-4BDE-8F40-0A023051754B}.AppStore|Any CPU.Build.0 = Release|iPhone
		{529E80C0-3985-4BDE-8F40-0A023051754B}.AppStore|iPhone.ActiveCfg = Release|iPhone
		{529E80C0-3985-4BDE-8F40-0A023051754B}.AppStore|iPhone.Build.0 = Release|iPhone
		{529E80C0-3985-4BDE-8F40-0A023051754B}.AppStore|iPhoneSimulator.ActiveCfg = Release|iPhoneSimulator
		{529E80C0-3985-4BDE-8F40-0A023051754B}.AppStore|iPhoneSimulator.Build.0 = Release|iPhoneSimulator
		{529E80C0-3985-4BDE-8F40-0A023051754B}.Debug|Any CPU.ActiveCfg = Debug|iPhone
		{529E80C0-3985-4BDE-8F40-0A023051754B}.Debug|iPhone.ActiveCfg = Debug|iPhone
		{529E80C0-3985-4BDE-8F40-0A023051754B}.Debug|iPhone.Build.0 = Debug|iPhone
		{529E80C0-3985-4BDE-8F40-0A023051754B}.Debug|iPhoneSimulator.ActiveCfg = Debug|iPhoneSimulator
		{529E80C0-3985-4BDE-8F40-0A023051754B}.Debug|iPhoneSimulator.Build.0 = Debug|iPhoneSimulator
		{529E80C0-3985-4BDE-8F40-0A023051754B}.Release|Any CPU.ActiveCfg = Release|iPhone
		{529E80C0-3985-4BDE-8F40-0A023051754B}.Release|iPhone.ActiveCfg = Release|iPhone
		{529E80C0-3985-4BDE-8F40-0A023051754B}.Release|iPhone.Build.0 = Release|iPhone
		{529E80C0-3985-4BDE-8F40-0A023051754B}.Release|iPhoneSimulator.ActiveCfg = Release|iPhoneSimulator
		{529E80C0-3985-4BDE-8F40-0A023051754B}.Release|iPhoneSimulator.Build.0 = Release|iPhoneSimulator
	EndGlobalSection
	GlobalSection(SolutionProperties) = preSolution
		HideSolutionNode = FALSE
	EndGlobalSection
	GlobalSection(ExtensibilityGlobals) = postSolution
		SolutionGuid = {25D1EA22-CBB7-4F33-B80B-6FF34ED5CEEF}
	EndGlobalSection
EndGlobal
